
Microsoft Visual Studio Solution File, Format Version 12.00
# Visual Studio Version 16
VisualStudioVersion = 16.0.30523.141
MinimumVisualStudioVersion = 10.0.40219.1
Project("{FAE04EC0-301F-11D3-BF4B-00C04F79EFBC}") = "СourseWorkAfanasieva", "СourseWorkAfanasieva\СourseWorkAfanasieva.csproj", "{232961C2-9551-4C8F-BDBE-320319EA8751}"
EndProject
Global
	GlobalSection(SolutionConfigurationPlatforms) = preSolution
		Debug|Any CPU = Debug|Any CPU
		Release|Any CPU = Release|Any CPU
	EndGlobalSection
	GlobalSection(ProjectConfigurationPlatforms) = postSolution
		{232961C2-9551-4C8F-BDBE-320319EA8751}.Debug|Any CPU.ActiveCfg = Debug|Any CPU
		{232961C2-9551-4C8F-BDBE-320319EA8751}.Debug|Any CPU.Build.0 = Debug|Any CPU
		{232961C2-9551-4C8F-BDBE-320319EA8751}.Release|Any CPU.ActiveCfg = Release|Any CPU
		{232961C2-9551-4C8F-BDBE-320319EA8751}.Release|Any CPU.Build.0 = Release|Any CPU
	EndGlobalSection
	GlobalSection(SolutionProperties) = preSolution
		HideSolutionNode = FALSE
	EndGlobalSection
	GlobalSection(ExtensibilityGlobals) = postSolution
		SolutionGuid = {A53E8BE5-F961-497E-AF21-053B2B44C12D}
	EndGlobalSection
EndGlobal
